// !$*UTF8*$!
{
	archiveVersion = 1;
	classes = {
	};
	objectVersion = 50;
	objects = {

/* Begin PBXBuildFile section */
		5AEE5BB0235B9E4C002A79F5 /* AppDelegate.swift in Sources */ = {isa = PBXBuildFile; fileRef = 5AEE5BAF235B9E4C002A79F5 /* AppDelegate.swift */; };
		5AEE5BB2235B9E4C002A79F5 /* ViewController.swift in Sources */ = {isa = PBXBuildFile; fileRef = 5AEE5BB1235B9E4C002A79F5 /* ViewController.swift */; };
		5AEE5BB5235B9E4C002A79F5 /* Main.storyboard in Resources */ = {isa = PBXBuildFile; fileRef = 5AEE5BB3235B9E4C002A79F5 /* Main.storyboard */; };
		5AEE5BB7235B9E4E002A79F5 /* Assets.xcassets in Resources */ = {isa = PBXBuildFile; fileRef = 5AEE5BB6235B9E4E002A79F5 /* Assets.xcassets */; };
		5AEE5BBA235B9E4E002A79F5 /* LaunchScreen.storyboard in Resources */ = {isa = PBXBuildFile; fileRef = 5AEE5BB8235B9E4E002A79F5 /* LaunchScreen.storyboard */; };
		5AEE5BC5235B9E4F002A79F5 /* wongsgalleryTests.swift in Sources */ = {isa = PBXBuildFile; fileRef = 5AEE5BC4235B9E4F002A79F5 /* wongsgalleryTests.swift */; };
		5AEE5BD0235B9E4F002A79F5 /* wongsgalleryUITests.swift in Sources */ = {isa = PBXBuildFile; fileRef = 5AEE5BCF235B9E4F002A79F5 /* wongsgalleryUITests.swift */; };
/* End PBXBuildFile section */

/* Begin PBXContainerItemProxy section */
		5AEE5BC1235B9E4F002A79F5 /* PBXContainerItemProxy */ = {
			isa = PBXContainerItemProxy;
			containerPortal = 5AEE5BA4235B9E4C002A79F5 /* Project object */;
			proxyType = 1;
			remoteGlobalIDString = 5AEE5BAB235B9E4C002A79F5;
			remoteInfo = wongsgallery;
		};
		5AEE5BCC235B9E4F002A79F5 /* PBXContainerItemProxy */ = {
			isa = PBXContainerItemProxy;
			containerPortal = 5AEE5BA4235B9E4C002A79F5 /* Project object */;
			proxyType = 1;
			remoteGlobalIDString = 5AEE5BAB235B9E4C002A79F5;
			remoteInfo = wongsgallery;
		};
/* End PBXContainerItemProxy section */

/* Begin PBXFileReference section */
		5AEE5BAC235B9E4C002A79F5 /* wongsgallery.app */ = {isa = PBXFileReference; explicitFileType = wrapper.application; includeInIndex = 0; path = wongsgallery.app; sourceTree = BUILT_PRODUCTS_DIR; };
		5AEE5BAF235B9E4C002A79F5 /* AppDelegate.swift */ = {isa = PBXFileReference; lastKnownFileType = sourcecode.swift; path = AppDelegate.swift; sourceTree = "<group>"; };
		5AEE5BB1235B9E4C002A79F5 /* ViewController.swift */ = {isa = PBXFileReference; lastKnownFileType = sourcecode.swift; path = ViewController.swift; sourceTree = "<group>"; };
		5AEE5BB4235B9E4C002A79F5 /* Base */ = {isa = PBXFileReference; lastKnownFileType = file.storyboard; name = Base; path = Base.lproj/Main.storyboard; sourceTree = "<group>"; };
		5AEE5BB6235B9E4E002A79F5 /* Assets.xcassets */ = {isa = PBXFileReference; lastKnownFileType = folder.assetcatalog; path = Assets.xcassets; sourceTree = "<group>"; };
		5AEE5BB9235B9E4E002A79F5 /* Base */ = {isa = PBXFileReference; lastKnownFileType = file.storyboard; name = Base; path = Base.lproj/LaunchScreen.storyboard; sourceTree = "<group>"; };
		5AEE5BBB235B9E4E002A79F5 /* Info.plist */ = {isa = PBXFileReference; lastKnownFileType = text.plist.xml; path = Info.plist; sourceTree = "<group>"; };
		5AEE5BC0235B9E4F002A79F5 /* wongsgalleryTests.xctest */ = {isa = PBXFileReference; explicitFileType = wrapper.cfbundle; includeInIndex = 0; path = wongsgalleryTests.xctest; sourceTree = BUILT_PRODUCTS_DIR; };
		5AEE5BC4235B9E4F002A79F5 /* wongsgalleryTests.swift */ = {isa = PBXFileReference; lastKnownFileType = sourcecode.swift; path = wongsgalleryTests.swift; sourceTree = "<group>"; };
		5AEE5BC6235B9E4F002A79F5 /* Info.plist */ = {isa = PBXFileReference; lastKnownFileType = text.plist.xml; path = Info.plist; sourceTree = "<group>"; };
		5AEE5BCB235B9E4F002A79F5 /* wongsgalleryUITests.xctest */ = {isa = PBXFileReference; explicitFileType = wrapper.cfbundle; includeInIndex = 0; path = wongsgalleryUITests.xctest; sourceTree = BUILT_PRODUCTS_DIR; };
		5AEE5BCF235B9E4F002A79F5 /* wongsgalleryUITests.swift */ = {isa = PBXFileReference; lastKnownFileType = sourcecode.swift; path = wongsgalleryUITests.swift; sourceTree = "<group>"; };
		5AEE5BD1235B9E4F002A79F5 /* Info.plist */ = {isa = PBXFileReference; lastKnownFileType = text.plist.xml; path = Info.plist; sourceTree = "<group>"; };
/* End PBXFileReference section */

/* Begin PBXFrameworksBuildPhase section */
		5AEE5BA9235B9E4C002A79F5 /* Frameworks */ = {
			isa = PBXFrameworksBuildPhase;
			buildActionMask = 2147483647;
			files = (
			);
			runOnlyForDeploymentPostprocessing = 0;
		};
		5AEE5BBD235B9E4F002A79F5 /* Frameworks */ = {
			isa = PBXFrameworksBuildPhase;
			buildActionMask = 2147483647;
			files = (
			);
			runOnlyForDeploymentPostprocessing = 0;
		};
		5AEE5BC8235B9E4F002A79F5 /* Frameworks */ = {
			isa = PBXFrameworksBuildPhase;
			buildActionMask = 2147483647;
			files = (
			);
			runOnlyForDeploymentPostprocessing = 0;
		};
/* End PBXFrameworksBuildPhase section */

/* Begin PBXGroup section */
		5AEE5BA3235B9E4C002A79F5 = {
			isa = PBXGroup;
			children = (
				5AEE5BAE235B9E4C002A79F5 /* wongsgallery */,
				5AEE5BC3235B9E4F002A79F5 /* wongsgalleryTests */,
				5AEE5BCE235B9E4F002A79F5 /* wongsgalleryUITests */,
				5AEE5BAD235B9E4C002A79F5 /* Products */,
			);
			sourceTree = "<group>";
		};
		5AEE5BAD235B9E4C002A79F5 /* Products */ = {
			isa = PBXGroup;
			children = (
				5AEE5BAC235B9E4C002A79F5 /* wongsgallery.app */,
				5AEE5BC0235B9E4F002A79F5 /* wongsgalleryTests.xctest */,
				5AEE5BCB235B9E4F002A79F5 /* wongsgalleryUITests.xctest */,
			);
			name = Products;
			sourceTree = "<group>";
		};
		5AEE5BAE235B9E4C002A79F5 /* wongsgallery */ = {
			isa = PBXGroup;
			children = (
				5AEE5BAF235B9E4C002A79F5 /* AppDelegate.swift */,
				5AEE5BB1235B9E4C002A79F5 /* ViewController.swift */,
				5AEE5BB3235B9E4C002A79F5 /* Main.storyboard */,
				5AEE5BB6235B9E4E002A79F5 /* Assets.xcassets */,
				5AEE5BB8235B9E4E002A79F5 /* LaunchScreen.storyboard */,
				5AEE5BBB235B9E4E002A79F5 /* Info.plist */,
			);
			path = wongsgallery;
			sourceTree = "<group>";
		};
		5AEE5BC3235B9E4F002A79F5 /* wongsgalleryTests */ = {
			isa = PBXGroup;
			children = (
				5AEE5BC4235B9E4F002A79F5 /* wongsgalleryTests.swift */,
				5AEE5BC6235B9E4F002A79F5 /* Info.plist */,
			);
			path = wongsgalleryTests;
			sourceTree = "<group>";
		};
		5AEE5BCE235B9E4F002A79F5 /* wongsgalleryUITests */ = {
			isa = PBXGroup;
			children = (
				5AEE5BCF235B9E4F002A79F5 /* wongsgalleryUITests.swift */,
				5AEE5BD1235B9E4F002A79F5 /* Info.plist */,
			);
			path = wongsgalleryUITests;
			sourceTree = "<group>";
		};
/* End PBXGroup section */

/* Begin PBXNativeTarget section */
		5AEE5BAB235B9E4C002A79F5 /* wongsgallery */ = {
			isa = PBXNativeTarget;
			buildConfigurationList = 5AEE5BD4235B9E4F002A79F5 /* Build configuration list for PBXNativeTarget "wongsgallery" */;
			buildPhases = (
				5AEE5BA8235B9E4C002A79F5 /* Sources */,
				5AEE5BA9235B9E4C002A79F5 /* Frameworks */,
				5AEE5BAA235B9E4C002A79F5 /* Resources */,
			);
			buildRules = (
			);
			dependencies = (
			);
			name = wongsgallery;
			productName = wongsgallery;
			productReference = 5AEE5BAC235B9E4C002A79F5 /* wongsgallery.app */;
			productType = "com.apple.product-type.application";
		};
		5AEE5BBF235B9E4F002A79F5 /* wongsgalleryTests */ = {
			isa = PBXNativeTarget;
			buildConfigurationList = 5AEE5BD7235B9E4F002A79F5 /* Build configuration list for PBXNativeTarget "wongsgalleryTests" */;
			buildPhases = (
				5AEE5BBC235B9E4F002A79F5 /* Sources */,
				5AEE5BBD235B9E4F002A79F5 /* Frameworks */,
				5AEE5BBE235B9E4F002A79F5 /* Resources */,
			);
			buildRules = (
			);
			dependencies = (
				5AEE5BC2235B9E4F002A79F5 /* PBXTargetDependency */,
			);
			name = wongsgalleryTests;
			productName = wongsgalleryTests;
			productReference = 5AEE5BC0235B9E4F002A79F5 /* wongsgalleryTests.xctest */;
			productType = "com.apple.product-type.bundle.unit-test";
		};
		5AEE5BCA235B9E4F002A79F5 /* wongsgalleryUITests */ = {
			isa = PBXNativeTarget;
			buildConfigurationList = 5AEE5BDA235B9E4F002A79F5 /* Build configuration list for PBXNativeTarget "wongsgalleryUITests" */;
			buildPhases = (
				5AEE5BC7235B9E4F002A79F5 /* Sources */,
				5AEE5BC8235B9E4F002A79F5 /* Frameworks */,
				5AEE5BC9235B9E4F002A79F5 /* Resources */,
			);
			buildRules = (
			);
			dependencies = (
				5AEE5BCD235B9E4F002A79F5 /* PBXTargetDependency */,
			);
			name = wongsgalleryUITests;
			productName = wongsgalleryUITests;
			productReference = 5AEE5BCB235B9E4F002A79F5 /* wongsgalleryUITests.xctest */;
			productType = "com.apple.product-type.bundle.ui-testing";
		};
/* End PBXNativeTarget section */

/* Begin PBXProject section */
		5AEE5BA4235B9E4C002A79F5 /* Project object */ = {
			isa = PBXProject;
			attributes = {
				LastSwiftUpdateCheck = 1030;
				LastUpgradeCheck = 1030;
				ORGANIZATIONNAME = Ziwei;
				TargetAttributes = {
					5AEE5BAB235B9E4C002A79F5 = {
						CreatedOnToolsVersion = 10.3;
					};
					5AEE5BBF235B9E4F002A79F5 = {
						CreatedOnToolsVersion = 10.3;
						TestTargetID = 5AEE5BAB235B9E4C002A79F5;
					};
					5AEE5BCA235B9E4F002A79F5 = {
						CreatedOnToolsVersion = 10.3;
						TestTargetID = 5AEE5BAB235B9E4C002A79F5;
					};
				};
			};
			buildConfigurationList = 5AEE5BA7235B9E4C002A79F5 /* Build configuration list for PBXProject "wongsgallery" */;
			compatibilityVersion = "Xcode 9.3";
			developmentRegion = en;
			hasScannedForEncodings = 0;
			knownRegions = (
				en,
				Base,
			);
			mainGroup = 5AEE5BA3235B9E4C002A79F5;
			productRefGroup = 5AEE5BAD235B9E4C002A79F5 /* Products */;
			projectDirPath = "";
			projectRoot = "";
			targets = (
				5AEE5BAB235B9E4C002A79F5 /* wongsgallery */,
				5AEE5BBF235B9E4F002A79F5 /* wongsgalleryTests */,
				5AEE5BCA235B9E4F002A79F5 /* wongsgalleryUITests */,
			);
		};
/* End PBXProject section */

/* Begin PBXResourcesBuildPhase section */
		5AEE5BAA235B9E4C002A79F5 /* Resources */ = {
			isa = PBXResourcesBuildPhase;
			buildActionMask = 2147483647;
			files = (
				5AEE5BBA235B9E4E002A79F5 /* LaunchScreen.storyboard in Resources */,
				5AEE5BB7235B9E4E002A79F5 /* Assets.xcassets in Resources */,
				5AEE5BB5235B9E4C002A79F5 /* Main.storyboard in Resources */,
			);
			runOnlyForDeploymentPostprocessing = 0;
		};
		5AEE5BBE235B9E4F002A79F5 /* Resources */ = {
			isa = PBXResourcesBuildPhase;
			buildActionMask = 2147483647;
			files = (
			);
			runOnlyForDeploymentPostprocessing = 0;
		};
		5AEE5BC9235B9E4F002A79F5 /* Resources */ = {
			isa = PBXResourcesBuildPhase;
			buildActionMask = 2147483647;
			files = (
			);
			runOnlyForDeploymentPostprocessing = 0;
		};
/* End PBXResourcesBuildPhase section */

/* Begin PBXSourcesBuildPhase section */
		5AEE5BA8235B9E4C002A79F5 /* Sources */ = {
			isa = PBXSourcesBuildPhase;
			buildActionMask = 2147483647;
			files = (
				5AEE5BB2235B9E4C002A79F5 /* ViewController.swift in Sources */,
				5AEE5BB0235B9E4C002A79F5 /* AppDelegate.swift in Sources */,
			);
			runOnlyForDeploymentPostprocessing = 0;
		};
		5AEE5BBC235B9E4F002A79F5 /* Sources */ = {
			isa = PBXSourcesBuildPhase;
			buildActionMask = 2147483647;
			files = (
				5AEE5BC5235B9E4F002A79F5 /* wongsgalleryTests.swift in Sources */,
			);
			runOnlyForDeploymentPostprocessing = 0;
		};
		5AEE5BC7235B9E4F002A79F5 /* Sources */ = {
			isa = PBXSourcesBuildPhase;
			buildActionMask = 2147483647;
			files = (
				5AEE5BD0235B9E4F002A79F5 /* wongsgalleryUITests.swift in Sources */,
			);
			runOnlyForDeploymentPostprocessing = 0;
		};
/* End PBXSourcesBuildPhase section */

/* Begin PBXTargetDependency section */
		5AEE5BC2235B9E4F002A79F5 /* PBXTargetDependency */ = {
			isa = PBXTargetDependency;
			target = 5AEE5BAB235B9E4C002A79F5 /* wongsgallery */;
			targetProxy = 5AEE5BC1235B9E4F002A79F5 /* PBXContainerItemProxy */;
		};
		5AEE5BCD235B9E4F002A79F5 /* PBXTargetDependency */ = {
			isa = PBXTargetDependency;
			target = 5AEE5BAB235B9E4C002A79F5 /* wongsgallery */;
			targetProxy = 5AEE5BCC235B9E4F002A79F5 /* PBXContainerItemProxy */;
		};
/* End PBXTargetDependency section */

/* Begin PBXVariantGroup section */
		5AEE5BB3235B9E4C002A79F5 /* Main.storyboard */ = {
			isa = PBXVariantGroup;
			children = (
				5AEE5BB4235B9E4C002A79F5 /* Base */,
			);
			name = Main.storyboard;
			sourceTree = "<group>";
		};
		5AEE5BB8235B9E4E002A79F5 /* LaunchScreen.storyboard */ = {
			isa = PBXVariantGroup;
			children = (
				5AEE5BB9235B9E4E002A79F5 /* Base */,
			);
			name = LaunchScreen.storyboard;
			sourceTree = "<group>";
		};
/* End PBXVariantGroup section */

/* Begin XCBuildConfiguration section */
		5AEE5BD2235B9E4F002A79F5 /* Debug */ = {
			isa = XCBuildConfiguration;
			buildSettings = {
				ALWAYS_SEARCH_USER_PATHS = NO;
				CLANG_ANALYZER_NONNULL = YES;
				CLANG_ANALYZER_NUMBER_OBJECT_CONVERSION = YES_AGGRESSIVE;
				CLANG_CXX_LANGUAGE_STANDARD = "gnu++14";
				CLANG_CXX_LIBRARY = "libc++";
				CLANG_ENABLE_MODULES = YES;
				CLANG_ENABLE_OBJC_ARC = YES;
				CLANG_ENABLE_OBJC_WEAK = YES;
				CLANG_WARN_BLOCK_CAPTURE_AUTORELEASING = YES;
				CLANG_WARN_BOOL_CONVERSION = YES;
				CLANG_WARN_COMMA = YES;
				CLANG_WARN_CONSTANT_CONVERSION = YES;
				CLANG_WARN_DEPRECATED_OBJC_IMPLEMENTATIONS = YES;
				CLANG_WARN_DIRECT_OBJC_ISA_USAGE = YES_ERROR;
				CLANG_WARN_DOCUMENTATION_COMMENTS = YES;
				CLANG_WARN_EMPTY_BODY = YES;
				CLANG_WARN_ENUM_CONVERSION = YES;
				CLANG_WARN_INFINITE_RECURSION = YES;
				CLANG_WARN_INT_CONVERSION = YES;
				CLANG_WARN_NON_LITERAL_NULL_CONVERSION = YES;
				CLANG_WARN_OBJC_IMPLICIT_RETAIN_SELF = YES;
				CLANG_WARN_OBJC_LITERAL_CONVERSION = YES;
				CLANG_WARN_OBJC_ROOT_CLASS = YES_ERROR;
				CLANG_WARN_RANGE_LOOP_ANALYSIS = YES;
				CLANG_WARN_STRICT_PROTOTYPES = YES;
				CLANG_WARN_SUSPICIOUS_MOVE = YES;
				CLANG_WARN_UNGUARDED_AVAILABILITY = YES_AGGRESSIVE;
				CLANG_WARN_UNREACHABLE_CODE = YES;
				CLANG_WARN__DUPLICATE_METHOD_MATCH = YES;
				CODE_SIGN_IDENTITY = "iPhone Developer";
				COPY_PHASE_STRIP = NO;
				DEBUG_INFORMATION_FORMAT = dwarf;
				ENABLE_STRICT_OBJC_MSGSEND = YES;
				ENABLE_TESTABILITY = YES;
				GCC_C_LANGUAGE_STANDARD = gnu11;
				GCC_DYNAMIC_NO_PIC = NO;
				GCC_NO_COMMON_BLOCKS = YES;
				GCC_OPTIMIZATION_LEVEL = 0;
				GCC_PREPROCESSOR_DEFINITIONS = (
					"DEBUG=1",
					"$(inherited)",
				);
				GCC_WARN_64_TO_32_BIT_CONVERSION = YES;
				GCC_WARN_ABOUT_RETURN_TYPE = YES_ERROR;
				GCC_WARN_UNDECLARED_SELECTOR = YES;
				GCC_WARN_UNINITIALIZED_AUTOS = YES_AGGRESSIVE;
				GCC_WARN_UNUSED_FUNCTION = YES;
				GCC_WARN_UNUSED_VARIABLE = YES;
				IPHONEOS_DEPLOYMENT_TARGET = 12.4;
				MTL_ENABLE_DEBUG_INFO = INCLUDE_SOURCE;
				MTL_FAST_MATH = YES;
				ONLY_ACTIVE_ARCH = YES;
				SDKROOT = iphoneos;
				SWIFT_ACTIVE_COMPILATION_CONDITIONS = DEBUG;
				SWIFT_OPTIMIZATION_LEVEL = "-Onone";
			};
			name = Debug;
		};
		5AEE5BD3235B9E4F002A79F5 /* Release */ = {
			isa = XCBuildConfiguration;
			buildSettings = {
				ALWAYS_SEARCH_USER_PATHS = NO;
				CLANG_ANALYZER_NONNULL = YES;
				CLANG_ANALYZER_NUMBER_OBJECT_CONVERSION = YES_AGGRESSIVE;
				CLANG_CXX_LANGUAGE_STANDARD = "gnu++14";
				CLANG_CXX_LIBRARY = "libc++";
				CLANG_ENABLE_MODULES = YES;
				CLANG_ENABLE_OBJC_ARC = YES;
				CLANG_ENABLE_OBJC_WEAK = YES;
				CLANG_WARN_BLOCK_CAPTURE_AUTORELEASING = YES;
				CLANG_WARN_BOOL_CONVERSION = YES;
				CLANG_WARN_COMMA = YES;
				CLANG_WARN_CONSTANT_CONVERSION = YES;
				CLANG_WARN_DEPRECATED_OBJC_IMPLEMENTATIONS = YES;
				CLANG_WARN_DIRECT_OBJC_ISA_USAGE = YES_ERROR;
				CLANG_WARN_DOCUMENTATION_COMMENTS = YES;
				CLANG_WARN_EMPTY_BODY = YES;
				CLANG_WARN_ENUM_CONVERSION = YES;
				CLANG_WARN_INFINITE_RECURSION = YES;
				CLANG_WARN_INT_CONVERSION = YES;
				CLANG_WARN_NON_LITERAL_NULL_CONVERSION = YES;
				CLANG_WARN_OBJC_IMPLICIT_RETAIN_SELF = YES;
				CLANG_WARN_OBJC_LITERAL_CONVERSION = YES;
				CLANG_WARN_OBJC_ROOT_CLASS = YES_ERROR;
				CLANG_WARN_RANGE_LOOP_ANALYSIS = YES;
				CLANG_WARN_STRICT_PROTOTYPES = YES;
				CLANG_WARN_SUSPICIOUS_MOVE = YES;
				CLANG_WARN_UNGUARDED_AVAILABILITY = YES_AGGRESSIVE;
				CLANG_WARN_UNREACHABLE_CODE = YES;
				CLANG_WARN__DUPLICATE_METHOD_MATCH = YES;
				CODE_SIGN_IDENTITY = "iPhone Developer";
				COPY_PHASE_STRIP = NO;
				DEBUG_INFORMATION_FORMAT = "dwarf-with-dsym";
				ENABLE_NS_ASSERTIONS = NO;
				ENABLE_STRICT_OBJC_MSGSEND = YES;
				GCC_C_LANGUAGE_STANDARD = gnu11;
				GCC_NO_COMMON_BLOCKS = YES;
				GCC_WARN_64_TO_32_BIT_CONVERSION = YES;
				GCC_WARN_ABOUT_RETURN_TYPE = YES_ERROR;
				GCC_WARN_UNDECLARED_SELECTOR = YES;
				GCC_WARN_UNINITIALIZED_AUTOS = YES_AGGRESSIVE;
				GCC_WARN_UNUSED_FUNCTION = YES;
				GCC_WARN_UNUSED_VARIABLE = YES;
				IPHONEOS_DEPLOYMENT_TARGET = 12.4;
				MTL_ENABLE_DEBUG_INFO = NO;
				MTL_FAST_MATH = YES;
				SDKROOT = iphoneos;
				SWIFT_COMPILATION_MODE = wholemodule;
				SWIFT_OPTIMIZATION_LEVEL = "-O";
				VALIDATE_PRODUCT = YES;
			};
			name = Release;
		};
		5AEE5BD5235B9E4F002A79F5 /* Debug */ = {
			isa = XCBuildConfiguration;
			buildSettings = {
				ASSETCATALOG_COMPILER_APPICON_NAME = AppIcon;
				CODE_SIGN_STYLE = Automatic;
				DEVELOPMENT_TEAM = 4Q72U8BAZQ;
				INFOPLIST_FILE = wongsgallery/Info.plist;
				LD_RUNPATH_SEARCH_PATHS = (
					"$(inherited)",
					"@executable_path/Frameworks",
				);
				PRODUCT_BUNDLE_IDENTIFIER = wongs.wongsgallery;
				PRODUCT_NAME = "$(TARGET_NAME)";
				SWIFT_VERSION = 5.0;
				TARGETED_DEVICE_FAMILY = "1,2";
			};
			name = Debug;
		};
		5AEE5BD6235B9E4F002A79F5 /* Release */ = {
			isa = XCBuildConfiguration;
			buildSettings = {
				ASSETCATALOG_COMPILER_APPICON_NAME = AppIcon;
				CODE_SIGN_STYLE = Automatic;
				DEVELOPMENT_TEAM = 4Q72U8BAZQ;
				INFOPLIST_FILE = wongsgallery/Info.plist;
				LD_RUNPATH_SEARCH_PATHS = (
					"$(inherited)",
					"@executable_path/Frameworks",
				);
				PRODUCT_BUNDLE_IDENTIFIER = wongs.wongsgallery;
				PRODUCT_NAME = "$(TARGET_NAME)";
				SWIFT_VERSION = 5.0;
				TARGETED_DEVICE_FAMILY = "1,2";
			};
			name = Release;
		};
		5AEE5BD8235B9E4F002A79F5 /* Debug */ = {
			isa = XCBuildConfiguration;
			buildSettings = {
				ALWAYS_EMBED_SWIFT_STANDARD_LIBRARIES = YES;
				BUNDLE_LOADER = "$(TEST_HOST)";
				CODE_SIGN_STYLE = Automatic;
				DEVELOPMENT_TEAM = 4Q72U8BAZQ;
				INFOPLIST_FILE = wongsgalleryTests/Info.plist;
				LD_RUNPATH_SEARCH_PATHS = (
					"$(inherited)",
					"@executable_path/Frameworks",
					"@loader_path/Frameworks",
				);
				PRODUCT_BUNDLE_IDENTIFIER = wongs.wongsgalleryTests;
				PRODUCT_NAME = "$(TARGET_NAME)";
				SWIFT_VERSION = 5.0;
				TARGETED_DEVICE_FAMILY = "1,2";
				TEST_HOST = "$(BUILT_PRODUCTS_DIR)/wongsgallery.app/wongsgallery";
			};
			name = Debug;
		};
		5AEE5BD9235B9E4F002A79F5 /* Release */ = {
			isa = XCBuildConfiguration;
			buildSettings = {
				ALWAYS_EMBED_SWIFT_STANDARD_LIBRARIES = YES;
				BUNDLE_LOADER = "$(TEST_HOST)";
				CODE_SIGN_STYLE = Automatic;
				DEVELOPMENT_TEAM = 4Q72U8BAZQ;
				INFOPLIST_FILE = wongsgalleryTests/Info.plist;
				LD_RUNPATH_SEARCH_PATHS = (
					"$(inherited)",
					"@executable_path/Frameworks",
					"@loader_path/Frameworks",
				);
				PRODUCT_BUNDLE_IDENTIFIER = wongs.wongsgalleryTests;
				PRODUCT_NAME = "$(TARGET_NAME)";
				SWIFT_VERSION = 5.0;
				TARGETED_DEVICE_FAMILY = "1,2";
				TEST_HOST = "$(BUILT_PRODUCTS_DIR)/wongsgallery.app/wongsgallery";
			};
			name = Release;
		};
		5AEE5BDB235B9E4F002A79F5 /* Debug */ = {
			isa = XCBuildConfiguration;
			buildSettings = {
				ALWAYS_EMBED_SWIFT_STANDARD_LIBRARIES = YES;
				CODE_SIGN_STYLE = Automatic;
				DEVELOPMENT_TEAM = 4Q72U8BAZQ;
				INFOPLIST_FILE = wongsgalleryUITests/Info.plist;
				LD_RUNPATH_SEARCH_PATHS = (
					"$(inherited)",
					"@executable_path/Frameworks",
					"@loader_path/Frameworks",
				);
				PRODUCT_BUNDLE_IDENTIFIER = wongs.wongsgalleryUITests;
				PRODUCT_NAME = "$(TARGET_NAME)";
				SWIFT_VERSION = 5.0;
				TARGETED_DEVICE_FAMILY = "1,2";
				TEST_TARGET_NAME = wongsgallery;
			};
			name = Debug;
		};
		5AEE5BDC235B9E4F002A79F5 /* Release */ = {
			isa = XCBuildConfiguration;
			buildSettings = {
				ALWAYS_EMBED_SWIFT_STANDARD_LIBRARIES = YES;
				CODE_SIGN_STYLE = Automatic;
				DEVELOPMENT_TEAM = 4Q72U8BAZQ;
				INFOPLIST_FILE = wongsgalleryUITests/Info.plist;
				LD_RUNPATH_SEARCH_PATHS = (
					"$(inherited)",
					"@executable_path/Frameworks",
					"@loader_path/Frameworks",
				);
				PRODUCT_BUNDLE_IDENTIFIER = wongs.wongsgalleryUITests;
				PRODUCT_NAME = "$(TARGET_NAME)";
				SWIFT_VERSION = 5.0;
				TARGETED_DEVICE_FAMILY = "1,2";
				TEST_TARGET_NAME = wongsgallery;
			};
			name = Release;
		};
/* End XCBuildConfiguration section */

/* Begin XCConfigurationList section */
		5AEE5BA7235B9E4C002A79F5 /* Build configuration list for PBXProject "wongsgallery" */ = {
			isa = XCConfigurationList;
			buildConfigurations = (
				5AEE5BD2235B9E4F002A79F5 /* Debug */,
				5AEE5BD3235B9E4F002A79F5 /* Release */,
			);
			defaultConfigurationIsVisible = 0;
			defaultConfigurationName = Release;
		};
		5AEE5BD4235B9E4F002A79F5 /* Build configuration list for PBXNativeTarget "wongsgallery" */ = {
			isa = XCConfigurationList;
			buildConfigurations = (
				5AEE5BD5235B9E4F002A79F5 /* Debug */,
				5AEE5BD6235B9E4F002A79F5 /* Release */,
			);
			defaultConfigurationIsVisible = 0;
			defaultConfigurationName = Release;
		};
		5AEE5BD7235B9E4F002A79F5 /* Build configuration list for PBXNativeTarget "wongsgalleryTests" */ = {
			isa = XCConfigurationList;
			buildConfigurations = (
				5AEE5BD8235B9E4F002A79F5 /* Debug */,
				5AEE5BD9235B9E4F002A79F5 /* Release */,
			);
			defaultConfigurationIsVisible = 0;
			defaultConfigurationName = Release;
		};
		5AEE5BDA235B9E4F002A79F5 /* Build configuration list for PBXNativeTarget "wongsgalleryUITests" */ = {
			isa = XCConfigurationList;
			buildConfigurations = (
				5AEE5BDB235B9E4F002A79F5 /* Debug */,
				5AEE5BDC235B9E4F002A79F5 /* Release */,
			);
			defaultConfigurationIsVisible = 0;
			defaultConfigurationName = Release;
		};
/* End XCConfigurationList section */
	};
	rootObject = 5AEE5BA4235B9E4C002A79F5 /* Project object */;
}
